
Microsoft Visual Studio Solution File, Format Version 12.00
# Visual Studio Version 17
VisualStudioVersion = 17.13.35828.75 d17.13
MinimumVisualStudioVersion = 10.0.40219.1
Project("{FAE04EC0-301F-11D3-BF4B-00C04F79EFBC}") = "GrowthTracking.Repository", "GrowthTracking.Repository\GrowthTracking.Repository.csproj", "{9D366403-2A40-4A69-A891-21DF3BCE9E2D}"
EndProject
Project("{FAE04EC0-301F-11D3-BF4B-00C04F79EFBC}") = "GrowthTracking.Service", "GrowthTracking.Service\GrowthTracking.Service.csproj", "{F173DAF0-E75C-4335-971D-151E3071D4F2}"
EndProject
Project("{FAE04EC0-301F-11D3-BF4B-00C04F79EFBC}") = "GrowthTracking.APIServices", "GrowthTracking.APIServices\GrowthTracking.APIServices.csproj", "{12BB57FE-39CE-4C07-A594-2E25CB8BD23F}"
EndProject
Global
	GlobalSection(SolutionConfigurationPlatforms) = preSolution
		Debug|Any CPU = Debug|Any CPU
		Release|Any CPU = Release|Any CPU
	EndGlobalSection
	GlobalSection(ProjectConfigurationPlatforms) = postSolution
		{9D366403-2A40-4A69-A891-21DF3BCE9E2D}.Debug|Any CPU.ActiveCfg = Debug|Any CPU
		{9D366403-2A40-4A69-A891-21DF3BCE9E2D}.Debug|Any CPU.Build.0 = Debug|Any CPU
		{9D366403-2A40-4A69-A891-21DF3BCE9E2D}.Release|Any CPU.ActiveCfg = Release|Any CPU
		{9D366403-2A40-4A69-A891-21DF3BCE9E2D}.Release|Any CPU.Build.0 = Release|Any CPU
		{F173DAF0-E75C-4335-971D-151E3071D4F2}.Debug|Any CPU.ActiveCfg = Debug|Any CPU
		{F173DAF0-E75C-4335-971D-151E3071D4F2}.Debug|Any CPU.Build.0 = Debug|Any CPU
		{F173DAF0-E75C-4335-971D-151E3071D4F2}.Release|Any CPU.ActiveCfg = Release|Any CPU
		{F173DAF0-E75C-4335-971D-151E3071D4F2}.Release|Any CPU.Build.0 = Release|Any CPU
		{12BB57FE-39CE-4C07-A594-2E25CB8BD23F}.Debug|Any CPU.ActiveCfg = Debug|Any CPU
		{12BB57FE-39CE-4C07-A594-2E25CB8BD23F}.Debug|Any CPU.Build.0 = Debug|Any CPU
		{12BB57FE-39CE-4C07-A594-2E25CB8BD23F}.Release|Any CPU.ActiveCfg = Release|Any CPU
		{12BB57FE-39CE-4C07-A594-2E25CB8BD23F}.Release|Any CPU.Build.0 = Release|Any CPU
	EndGlobalSection
	GlobalSection(SolutionProperties) = preSolution
		HideSolutionNode = FALSE
	EndGlobalSection
	GlobalSection(ExtensibilityGlobals) = postSolution
		SolutionGuid = {70A67C41-7E5D-467F-97FC-3B14C2E1E027}
	EndGlobalSection
EndGlobal
